
Microsoft Visual Studio Solution File, Format Version 12.00
Project("{F2A71F9B-5D33-465A-A702-920D77279786}") = "Cosmos", "Cosmos\Cosmos.fsproj", "{470D4A11-4C2E-4000-B6C0-0FD5C9041C7F}"
EndProject
Project("{2150E333-8FDC-42A3-9474-1A3956D46DE8}") = "paket", "paket", "{E99CB7C3-CBE8-4D83-8843-FCFD491358EC}"
ProjectSection(SolutionItems) = preProject
	paket.dependencies = paket.dependencies
EndProjectSection
EndProject
Global
	GlobalSection(SolutionConfigurationPlatforms) = preSolution
		Debug|Any CPU = Debug|Any CPU
		Release|Any CPU = Release|Any CPU
	EndGlobalSection
	GlobalSection(ProjectConfigurationPlatforms) = postSolution
		{470D4A11-4C2E-4000-B6C0-0FD5C9041C7F}.Debug|Any CPU.ActiveCfg = Debug|Any CPU
		{470D4A11-4C2E-4000-B6C0-0FD5C9041C7F}.Debug|Any CPU.Build.0 = Debug|Any CPU
		{470D4A11-4C2E-4000-B6C0-0FD5C9041C7F}.Release|Any CPU.ActiveCfg = Release|Any CPU
		{470D4A11-4C2E-4000-B6C0-0FD5C9041C7F}.Release|Any CPU.Build.0 = Release|Any CPU
	EndGlobalSection
EndGlobal
